
Microsoft Visual Studio Solution File, Format Version 12.00
# Visual Studio Version 17
VisualStudioVersion = 17.10.35013.160
MinimumVisualStudioVersion = 10.0.40219.1
Project("{FAE04EC0-301F-11D3-BF4B-00C04F79EFBC}") = "Messenger", "Kyrsach2.0\Messenger.csproj", "{92E63DA0-0FD2-4297-9078-9066D2176901}"
EndProject
Global
	GlobalSection(SolutionConfigurationPlatforms) = preSolution
		Debug|Any CPU = Debug|Any CPU
		Release|Any CPU = Release|Any CPU
	EndGlobalSection
	GlobalSection(ProjectConfigurationPlatforms) = postSolution
		{92E63DA0-0FD2-4297-9078-9066D2176901}.Debug|Any CPU.ActiveCfg = Debug|Any CPU
		{92E63DA0-0FD2-4297-9078-9066D2176901}.Debug|Any CPU.Build.0 = Debug|Any CPU
		{92E63DA0-0FD2-4297-9078-9066D2176901}.Release|Any CPU.ActiveCfg = Release|Any CPU
		{92E63DA0-0FD2-4297-9078-9066D2176901}.Release|Any CPU.Build.0 = Release|Any CPU
	EndGlobalSection
	GlobalSection(SolutionProperties) = preSolution
		HideSolutionNode = FALSE
	EndGlobalSection
	GlobalSection(ExtensibilityGlobals) = postSolution
		SolutionGuid = {DE7DD118-EA31-4926-9A51-ED2631961303}
	EndGlobalSection
EndGlobal
